
Microsoft Visual Studio Solution File, Format Version 12.00
# Visual Studio Version 16
VisualStudioVersion = 16.0.31321.278
MinimumVisualStudioVersion = 10.0.40219.1
Project("{2150E333-8FDC-42A3-9474-1A3956D46DE8}") = "ShowExamples", "ShowExamples", "{43CE4ACF-19D4-4F72-9FC5-FA43C5955EE5}"
EndProject
Project("{FAE04EC0-301F-11D3-BF4B-00C04F79EFBC}") = "BrokerageLib", "BrokerageLib\BrokerageLib.csproj", "{9B3FAAAA-85BD-4278-BCE5-0A2DD632C133}"
EndProject
Project("{9A19103F-16F7-4668-BE54-9A1E7A4F7556}") = "SalesApp", "SalesApp\SalesApp.csproj", "{A4BE2202-08A3-4550-A029-44E676FF30E2}"
EndProject
Project("{FAE04EC0-301F-11D3-BF4B-00C04F79EFBC}") = "BrokerageLib.MsTest.Tests", "BrokerageLib.MsTest.Tests\BrokerageLib.MsTest.Tests.csproj", "{83F64760-D1BD-4278-9CF6-EB39D710A82A}"
EndProject
Global
	GlobalSection(SolutionConfigurationPlatforms) = preSolution
		Debug|Any CPU = Debug|Any CPU
		Release|Any CPU = Release|Any CPU
	EndGlobalSection
	GlobalSection(ProjectConfigurationPlatforms) = postSolution
		{9B3FAAAA-85BD-4278-BCE5-0A2DD632C133}.Debug|Any CPU.ActiveCfg = Debug|Any CPU
		{9B3FAAAA-85BD-4278-BCE5-0A2DD632C133}.Debug|Any CPU.Build.0 = Debug|Any CPU
		{9B3FAAAA-85BD-4278-BCE5-0A2DD632C133}.Release|Any CPU.ActiveCfg = Release|Any CPU
		{9B3FAAAA-85BD-4278-BCE5-0A2DD632C133}.Release|Any CPU.Build.0 = Release|Any CPU
		{A4BE2202-08A3-4550-A029-44E676FF30E2}.Debug|Any CPU.ActiveCfg = Debug|Any CPU
		{A4BE2202-08A3-4550-A029-44E676FF30E2}.Debug|Any CPU.Build.0 = Debug|Any CPU
		{A4BE2202-08A3-4550-A029-44E676FF30E2}.Release|Any CPU.ActiveCfg = Release|Any CPU
		{A4BE2202-08A3-4550-A029-44E676FF30E2}.Release|Any CPU.Build.0 = Release|Any CPU
		{83F64760-D1BD-4278-9CF6-EB39D710A82A}.Debug|Any CPU.ActiveCfg = Debug|Any CPU
		{83F64760-D1BD-4278-9CF6-EB39D710A82A}.Debug|Any CPU.Build.0 = Debug|Any CPU
		{83F64760-D1BD-4278-9CF6-EB39D710A82A}.Release|Any CPU.ActiveCfg = Release|Any CPU
		{83F64760-D1BD-4278-9CF6-EB39D710A82A}.Release|Any CPU.Build.0 = Release|Any CPU
	EndGlobalSection
	GlobalSection(SolutionProperties) = preSolution
		HideSolutionNode = FALSE
	EndGlobalSection
	GlobalSection(ExtensibilityGlobals) = postSolution
		SolutionGuid = {2ECC8E5B-EF0D-497A-BE20-E20D241F074D}
	EndGlobalSection
EndGlobal
